
Microsoft Visual Studio Solution File, Format Version 12.00
# Visual Studio Version 17
VisualStudioVersion = 17.11.35303.130
MinimumVisualStudioVersion = 10.0.40219.1
Project("{FAE04EC0-301F-11D3-BF4B-00C04F79EFBC}") = "контрольная_1.3", "контрольная_1.3\контрольная_1.3.csproj", "{4EB6DD6D-F26E-4F84-8E22-1FC2546195B6}"
EndProject
Global
	GlobalSection(SolutionConfigurationPlatforms) = preSolution
		Debug|Any CPU = Debug|Any CPU
		Release|Any CPU = Release|Any CPU
	EndGlobalSection
	GlobalSection(ProjectConfigurationPlatforms) = postSolution
		{4EB6DD6D-F26E-4F84-8E22-1FC2546195B6}.Debug|Any CPU.ActiveCfg = Debug|Any CPU
		{4EB6DD6D-F26E-4F84-8E22-1FC2546195B6}.Debug|Any CPU.Build.0 = Debug|Any CPU
		{4EB6DD6D-F26E-4F84-8E22-1FC2546195B6}.Release|Any CPU.ActiveCfg = Release|Any CPU
		{4EB6DD6D-F26E-4F84-8E22-1FC2546195B6}.Release|Any CPU.Build.0 = Release|Any CPU
	EndGlobalSection
	GlobalSection(SolutionProperties) = preSolution
		HideSolutionNode = FALSE
	EndGlobalSection
	GlobalSection(ExtensibilityGlobals) = postSolution
		SolutionGuid = {551B3D6E-C21C-4C56-83C5-32F619C1B056}
	EndGlobalSection
EndGlobal
