
Microsoft Visual Studio Solution File, Format Version 12.00
# Visual Studio Version 17
VisualStudioVersion = 17.11.35303.130
MinimumVisualStudioVersion = 10.0.40219.1
Project("{FAE04EC0-301F-11D3-BF4B-00C04F79EFBC}") = "кз 2.4", "кз 2.4\кз 2.4.csproj", "{276D4919-3471-4157-A910-A2E32CCB2501}"
EndProject
Global
	GlobalSection(SolutionConfigurationPlatforms) = preSolution
		Debug|Any CPU = Debug|Any CPU
		Release|Any CPU = Release|Any CPU
	EndGlobalSection
	GlobalSection(ProjectConfigurationPlatforms) = postSolution
		{276D4919-3471-4157-A910-A2E32CCB2501}.Debug|Any CPU.ActiveCfg = Debug|Any CPU
		{276D4919-3471-4157-A910-A2E32CCB2501}.Debug|Any CPU.Build.0 = Debug|Any CPU
		{276D4919-3471-4157-A910-A2E32CCB2501}.Release|Any CPU.ActiveCfg = Release|Any CPU
		{276D4919-3471-4157-A910-A2E32CCB2501}.Release|Any CPU.Build.0 = Release|Any CPU
	EndGlobalSection
	GlobalSection(SolutionProperties) = preSolution
		HideSolutionNode = FALSE
	EndGlobalSection
	GlobalSection(ExtensibilityGlobals) = postSolution
		SolutionGuid = {34FF30B9-EC3A-470D-9521-52F8828C612A}
	EndGlobalSection
EndGlobal
